
Microsoft Visual Studio Solution File, Format Version 12.00
# Visual Studio Version 16
VisualStudioVersion = 16.0.30611.23
MinimumVisualStudioVersion = 10.0.40219.1
Project("{FAE04EC0-301F-11D3-BF4B-00C04F79EFBC}") = "SimpleCrawler", "SimpleCrawler\SimpleCrawler.csproj", "{919DBFB6-3480-4E38-AE3C-BEDDD887F242}"
EndProject
Global
	GlobalSection(SolutionConfigurationPlatforms) = preSolution
		Debug|Any CPU = Debug|Any CPU
		Release|Any CPU = Release|Any CPU
	EndGlobalSection
	GlobalSection(ProjectConfigurationPlatforms) = postSolution
		{919DBFB6-3480-4E38-AE3C-BEDDD887F242}.Debug|Any CPU.ActiveCfg = Debug|Any CPU
		{919DBFB6-3480-4E38-AE3C-BEDDD887F242}.Debug|Any CPU.Build.0 = Debug|Any CPU
		{919DBFB6-3480-4E38-AE3C-BEDDD887F242}.Release|Any CPU.ActiveCfg = Release|Any CPU
		{919DBFB6-3480-4E38-AE3C-BEDDD887F242}.Release|Any CPU.Build.0 = Release|Any CPU
	EndGlobalSection
	GlobalSection(SolutionProperties) = preSolution
		HideSolutionNode = FALSE
	EndGlobalSection
	GlobalSection(ExtensibilityGlobals) = postSolution
		SolutionGuid = {43E58A96-C9CE-444A-A08C-AF22046C772E}
	EndGlobalSection
EndGlobal
