
Microsoft Visual Studio Solution File, Format Version 12.00
# Visual Studio Version 16
VisualStudioVersion = 16.0.30611.23
MinimumVisualStudioVersion = 10.0.40219.1
Project("{FAE04EC0-301F-11D3-BF4B-00C04F79EFBC}") = "Homework9", "Homework9\Homework9.csproj", "{7E0467AA-7FB1-43E6-916F-E707AA32663C}"
EndProject
Project("{FAE04EC0-301F-11D3-BF4B-00C04F79EFBC}") = "SimpleCrawler", "SimpleCrawler\SimpleCrawler\SimpleCrawler.csproj", "{919DBFB6-3480-4E38-AE3C-BEDDD887F242}"
EndProject
Global
	GlobalSection(SolutionConfigurationPlatforms) = preSolution
		Debug|Any CPU = Debug|Any CPU
		Release|Any CPU = Release|Any CPU
	EndGlobalSection
	GlobalSection(ProjectConfigurationPlatforms) = postSolution
		{7E0467AA-7FB1-43E6-916F-E707AA32663C}.Debug|Any CPU.ActiveCfg = Debug|Any CPU
		{7E0467AA-7FB1-43E6-916F-E707AA32663C}.Debug|Any CPU.Build.0 = Debug|Any CPU
		{7E0467AA-7FB1-43E6-916F-E707AA32663C}.Release|Any CPU.ActiveCfg = Release|Any CPU
		{7E0467AA-7FB1-43E6-916F-E707AA32663C}.Release|Any CPU.Build.0 = Release|Any CPU
		{919DBFB6-3480-4E38-AE3C-BEDDD887F242}.Debug|Any CPU.ActiveCfg = Debug|Any CPU
		{919DBFB6-3480-4E38-AE3C-BEDDD887F242}.Debug|Any CPU.Build.0 = Debug|Any CPU
		{919DBFB6-3480-4E38-AE3C-BEDDD887F242}.Release|Any CPU.ActiveCfg = Release|Any CPU
		{919DBFB6-3480-4E38-AE3C-BEDDD887F242}.Release|Any CPU.Build.0 = Release|Any CPU
	EndGlobalSection
	GlobalSection(SolutionProperties) = preSolution
		HideSolutionNode = FALSE
	EndGlobalSection
	GlobalSection(ExtensibilityGlobals) = postSolution
		SolutionGuid = {E046FCE1-7842-47EE-AB46-7D10AAA52DE8}
	EndGlobalSection
EndGlobal
